
Microsoft Visual Studio Solution File, Format Version 12.00
# Visual Studio Version 16
VisualStudioVersion = 16.0.30907.101
MinimumVisualStudioVersion = 10.0.40219.1
Project("{FAE04EC0-301F-11D3-BF4B-00C04F79EFBC}") = "DemoWebAppGithubHosted", "DemoWebAppGithubHosted\DemoWebAppGithubHosted.csproj", "{EC4B2D26-E06C-4742-9CAE-D85BD366E897}"
EndProject
Global
	GlobalSection(SolutionConfigurationPlatforms) = preSolution
		Debug|Any CPU = Debug|Any CPU
		Release|Any CPU = Release|Any CPU
	EndGlobalSection
	GlobalSection(ProjectConfigurationPlatforms) = postSolution
		{EC4B2D26-E06C-4742-9CAE-D85BD366E897}.Debug|Any CPU.ActiveCfg = Debug|Any CPU
		{EC4B2D26-E06C-4742-9CAE-D85BD366E897}.Debug|Any CPU.Build.0 = Debug|Any CPU
		{EC4B2D26-E06C-4742-9CAE-D85BD366E897}.Release|Any CPU.ActiveCfg = Release|Any CPU
		{EC4B2D26-E06C-4742-9CAE-D85BD366E897}.Release|Any CPU.Build.0 = Release|Any CPU
	EndGlobalSection
	GlobalSection(SolutionProperties) = preSolution
		HideSolutionNode = FALSE
	EndGlobalSection
	GlobalSection(ExtensibilityGlobals) = postSolution
		SolutionGuid = {60A9EE99-901C-4621-BDE9-40AAAEF626CB}
	EndGlobalSection
EndGlobal
